
Microsoft Visual Studio Solution File, Format Version 12.00
# Visual Studio Version 16
VisualStudioVersion = 16.0.32630.194
MinimumVisualStudioVersion = 10.0.40219.1
Project("{2150E333-8FDC-42A3-9474-1A3956D46DE8}") = "src", "src", "{2E7607C8-D9CD-405C-B847-AC775E5BE04E}"
EndProject
Project("{2150E333-8FDC-42A3-9474-1A3956D46DE8}") = "Solution Items", "Solution Items", "{FEB28CA5-3227-41E2-A5FE-CC509ED5AA09}"
	ProjectSection(SolutionItems) = preProject
		ServicesURL.txt = ServicesURL.txt
	EndProjectSection
EndProject
Project("{2150E333-8FDC-42A3-9474-1A3956D46DE8}") = "ApiGateways", "ApiGateways", "{91884AA6-C721-4F6D-B7A0-04049F203546}"
EndProject
Project("{2150E333-8FDC-42A3-9474-1A3956D46DE8}") = "BuildingBlocks", "BuildingBlocks", "{4B18DD66-4BE4-419B-95FD-B947B784D7B8}"
EndProject
Project("{2150E333-8FDC-42A3-9474-1A3956D46DE8}") = "Services", "Services", "{63C00AE8-A981-45ED-9B15-67D5BB6701D3}"
EndProject
Project("{2150E333-8FDC-42A3-9474-1A3956D46DE8}") = "Clients", "Clients", "{EF2DC835-1C9B-4B7A-B4F9-E19CBCCDF163}"
EndProject
Project("{2150E333-8FDC-42A3-9474-1A3956D46DE8}") = "WebApiGateway", "WebApiGateway", "{01831C78-8321-4279-AFDE-972ED2FE8FB0}"
EndProject
Project("{9A19103F-16F7-4668-BE54-9A1E7A4F7556}") = "Web.ApiGateway", "src\ApiGateways\WebApiGateway\Web.ApiGateway\Web.ApiGateway.csproj", "{A414F9EB-9A1D-46EC-A6CD-888A24405090}"
EndProject
Project("{2150E333-8FDC-42A3-9474-1A3956D46DE8}") = "EventBus", "EventBus", "{64B2AD4B-CF20-4B2A-A399-3138EC4CA71E}"
EndProject
Project("{9A19103F-16F7-4668-BE54-9A1E7A4F7556}") = "EventBus.Base", "src\BuildingBlocks\EventBus\EventBus.Base\EventBus.Base.csproj", "{C3FA0096-E411-4587-8179-CFF565B12C56}"
EndProject
Project("{9A19103F-16F7-4668-BE54-9A1E7A4F7556}") = "EventBus.Factory", "src\BuildingBlocks\EventBus\EventBus.Factory\EventBus.Factory.csproj", "{563FF855-46E0-4551-BE2C-992683D9D4FF}"
EndProject
Project("{9A19103F-16F7-4668-BE54-9A1E7A4F7556}") = "EventBus.AzureServiceBus", "src\BuildingBlocks\EventBus\EventBus.AzureServiceBus\EventBus.AzureServiceBus.csproj", "{94A91558-A283-461D-9D16-738EFA87F1E5}"
EndProject
Project("{9A19103F-16F7-4668-BE54-9A1E7A4F7556}") = "EventBus.RabbitMQ", "src\BuildingBlocks\EventBus\EventBus.RabbitMQ\EventBus.RabbitMQ.csproj", "{315E0415-E676-40F5-A14E-D5151F270F08}"
EndProject
Project("{2150E333-8FDC-42A3-9474-1A3956D46DE8}") = "BlazorWebApp", "BlazorWebApp", "{A9C62C61-E06D-4A50-9FD6-056A73FDB544}"
EndProject
Project("{9A19103F-16F7-4668-BE54-9A1E7A4F7556}") = "WebApp", "src\Clients\BlazorWebApp\WebApp\WebApp.csproj", "{0285FC75-5679-4967-BF3B-5402E56E6439}"
EndProject
Project("{2150E333-8FDC-42A3-9474-1A3956D46DE8}") = "BasketService", "BasketService", "{FB49E482-1E44-44A0-BEFB-94C99719646B}"
EndProject
Project("{FAE04EC0-301F-11D3-BF4B-00C04F79EFBC}") = "BasketService.Api", "src\Services\BasketService\BasketService.Api\BasketService.Api.csproj", "{FE32D875-FBCE-4CAC-B7BD-523AEE5EC31C}"
EndProject
Project("{FAE04EC0-301F-11D3-BF4B-00C04F79EFBC}") = "CatalogService.Api", "src\Services\CatalogService\CatalogService.Api\CatalogService.Api.csproj", "{F7622013-9880-49B7-9762-E7BE704EBDE2}"
EndProject
Project("{2150E333-8FDC-42A3-9474-1A3956D46DE8}") = "CatalogService", "CatalogService", "{697B07E2-7176-4141-9E31-5BC171CAA6A8}"
EndProject
Project("{2150E333-8FDC-42A3-9474-1A3956D46DE8}") = "IdentityService", "IdentityService", "{B273FF73-E7CF-46AC-873A-7519338A84D4}"
EndProject
Project("{FAE04EC0-301F-11D3-BF4B-00C04F79EFBC}") = "IdentityService.Api", "src\Services\IdentityService\IdentityService.Api\IdentityService.Api.csproj", "{459B2509-504C-41AB-A565-9A1FA7F5E66B}"
EndProject
Project("{2150E333-8FDC-42A3-9474-1A3956D46DE8}") = "NotificationService", "NotificationService", "{B6D42ADE-B9B4-423D-B5FF-1E7F79E4AC20}"
EndProject
Project("{FAE04EC0-301F-11D3-BF4B-00C04F79EFBC}") = "NotificationService", "src\Services\NotificationService\NotificationService\NotificationService.csproj", "{B68F14B6-CC87-4CAE-BB95-D3DBD2FD2E03}"
EndProject
Project("{2150E333-8FDC-42A3-9474-1A3956D46DE8}") = "OrderService", "OrderService", "{C2E16637-3A79-4F7F-AA14-782A467676E0}"
EndProject
Project("{FAE04EC0-301F-11D3-BF4B-00C04F79EFBC}") = "OrderService.Domain", "src\Services\OrderService\OrderService.Domain\OrderService.Domain.csproj", "{71FC8F1D-CD45-4823-8685-75482743A376}"
EndProject
Project("{FAE04EC0-301F-11D3-BF4B-00C04F79EFBC}") = "OrderService.Application", "src\Services\OrderService\OrderService.Application\OrderService.Application.csproj", "{C68A1D1C-2162-4F5D-85B1-26ADD32F70AD}"
EndProject
Project("{FAE04EC0-301F-11D3-BF4B-00C04F79EFBC}") = "OrderService.Infrastructure", "src\Services\OrderService\OrderService.Infrastructure\OrderService.Infrastructure.csproj", "{0B5F7DBA-06A4-42E4-9254-8C14EF33AA69}"
EndProject
Project("{FAE04EC0-301F-11D3-BF4B-00C04F79EFBC}") = "OrderService.Api", "src\Services\OrderService\OrderService.Api\OrderService.Api.csproj", "{EFB195AD-6178-482F-BEEC-B87A63A1D058}"
EndProject
Project("{2150E333-8FDC-42A3-9474-1A3956D46DE8}") = "PaymentService", "PaymentService", "{9832240D-88EE-40B2-88C4-45D0C8DB609D}"
EndProject
Project("{FAE04EC0-301F-11D3-BF4B-00C04F79EFBC}") = "PaymentService.Api", "src\Services\PaymentService\PaymentService.Api\PaymentService.Api.csproj", "{0E2577FF-049F-4DDB-AF02-90BABBF42E84}"
EndProject
Global
	GlobalSection(SolutionConfigurationPlatforms) = preSolution
		Debug|Any CPU = Debug|Any CPU
		Release|Any CPU = Release|Any CPU
	EndGlobalSection
	GlobalSection(ProjectConfigurationPlatforms) = postSolution
		{A414F9EB-9A1D-46EC-A6CD-888A24405090}.Debug|Any CPU.ActiveCfg = Debug|Any CPU
		{A414F9EB-9A1D-46EC-A6CD-888A24405090}.Debug|Any CPU.Build.0 = Debug|Any CPU
		{A414F9EB-9A1D-46EC-A6CD-888A24405090}.Release|Any CPU.ActiveCfg = Release|Any CPU
		{A414F9EB-9A1D-46EC-A6CD-888A24405090}.Release|Any CPU.Build.0 = Release|Any CPU
		{C3FA0096-E411-4587-8179-CFF565B12C56}.Debug|Any CPU.ActiveCfg = Debug|Any CPU
		{C3FA0096-E411-4587-8179-CFF565B12C56}.Debug|Any CPU.Build.0 = Debug|Any CPU
		{C3FA0096-E411-4587-8179-CFF565B12C56}.Release|Any CPU.ActiveCfg = Release|Any CPU
		{C3FA0096-E411-4587-8179-CFF565B12C56}.Release|Any CPU.Build.0 = Release|Any CPU
		{563FF855-46E0-4551-BE2C-992683D9D4FF}.Debug|Any CPU.ActiveCfg = Debug|Any CPU
		{563FF855-46E0-4551-BE2C-992683D9D4FF}.Debug|Any CPU.Build.0 = Debug|Any CPU
		{563FF855-46E0-4551-BE2C-992683D9D4FF}.Release|Any CPU.ActiveCfg = Release|Any CPU
		{563FF855-46E0-4551-BE2C-992683D9D4FF}.Release|Any CPU.Build.0 = Release|Any CPU
		{94A91558-A283-461D-9D16-738EFA87F1E5}.Debug|Any CPU.ActiveCfg = Debug|Any CPU
		{94A91558-A283-461D-9D16-738EFA87F1E5}.Debug|Any CPU.Build.0 = Debug|Any CPU
		{94A91558-A283-461D-9D16-738EFA87F1E5}.Release|Any CPU.ActiveCfg = Release|Any CPU
		{94A91558-A283-461D-9D16-738EFA87F1E5}.Release|Any CPU.Build.0 = Release|Any CPU
		{315E0415-E676-40F5-A14E-D5151F270F08}.Debug|Any CPU.ActiveCfg = Debug|Any CPU
		{315E0415-E676-40F5-A14E-D5151F270F08}.Debug|Any CPU.Build.0 = Debug|Any CPU
		{315E0415-E676-40F5-A14E-D5151F270F08}.Release|Any CPU.ActiveCfg = Release|Any CPU
		{315E0415-E676-40F5-A14E-D5151F270F08}.Release|Any CPU.Build.0 = Release|Any CPU
		{0285FC75-5679-4967-BF3B-5402E56E6439}.Debug|Any CPU.ActiveCfg = Debug|Any CPU
		{0285FC75-5679-4967-BF3B-5402E56E6439}.Debug|Any CPU.Build.0 = Debug|Any CPU
		{0285FC75-5679-4967-BF3B-5402E56E6439}.Release|Any CPU.ActiveCfg = Release|Any CPU
		{0285FC75-5679-4967-BF3B-5402E56E6439}.Release|Any CPU.Build.0 = Release|Any CPU
		{FE32D875-FBCE-4CAC-B7BD-523AEE5EC31C}.Debug|Any CPU.ActiveCfg = Debug|Any CPU
		{FE32D875-FBCE-4CAC-B7BD-523AEE5EC31C}.Debug|Any CPU.Build.0 = Debug|Any CPU
		{FE32D875-FBCE-4CAC-B7BD-523AEE5EC31C}.Release|Any CPU.ActiveCfg = Release|Any CPU
		{FE32D875-FBCE-4CAC-B7BD-523AEE5EC31C}.Release|Any CPU.Build.0 = Release|Any CPU
		{F7622013-9880-49B7-9762-E7BE704EBDE2}.Debug|Any CPU.ActiveCfg = Debug|Any CPU
		{F7622013-9880-49B7-9762-E7BE704EBDE2}.Debug|Any CPU.Build.0 = Debug|Any CPU
		{F7622013-9880-49B7-9762-E7BE704EBDE2}.Release|Any CPU.ActiveCfg = Release|Any CPU
		{F7622013-9880-49B7-9762-E7BE704EBDE2}.Release|Any CPU.Build.0 = Release|Any CPU
		{459B2509-504C-41AB-A565-9A1FA7F5E66B}.Debug|Any CPU.ActiveCfg = Debug|Any CPU
		{459B2509-504C-41AB-A565-9A1FA7F5E66B}.Debug|Any CPU.Build.0 = Debug|Any CPU
		{459B2509-504C-41AB-A565-9A1FA7F5E66B}.Release|Any CPU.ActiveCfg = Release|Any CPU
		{459B2509-504C-41AB-A565-9A1FA7F5E66B}.Release|Any CPU.Build.0 = Release|Any CPU
		{B68F14B6-CC87-4CAE-BB95-D3DBD2FD2E03}.Debug|Any CPU.ActiveCfg = Debug|Any CPU
		{B68F14B6-CC87-4CAE-BB95-D3DBD2FD2E03}.Debug|Any CPU.Build.0 = Debug|Any CPU
		{B68F14B6-CC87-4CAE-BB95-D3DBD2FD2E03}.Release|Any CPU.ActiveCfg = Release|Any CPU
		{B68F14B6-CC87-4CAE-BB95-D3DBD2FD2E03}.Release|Any CPU.Build.0 = Release|Any CPU
		{71FC8F1D-CD45-4823-8685-75482743A376}.Debug|Any CPU.ActiveCfg = Debug|Any CPU
		{71FC8F1D-CD45-4823-8685-75482743A376}.Debug|Any CPU.Build.0 = Debug|Any CPU
		{71FC8F1D-CD45-4823-8685-75482743A376}.Release|Any CPU.ActiveCfg = Release|Any CPU
		{71FC8F1D-CD45-4823-8685-75482743A376}.Release|Any CPU.Build.0 = Release|Any CPU
		{C68A1D1C-2162-4F5D-85B1-26ADD32F70AD}.Debug|Any CPU.ActiveCfg = Debug|Any CPU
		{C68A1D1C-2162-4F5D-85B1-26ADD32F70AD}.Debug|Any CPU.Build.0 = Debug|Any CPU
		{C68A1D1C-2162-4F5D-85B1-26ADD32F70AD}.Release|Any CPU.ActiveCfg = Release|Any CPU
		{C68A1D1C-2162-4F5D-85B1-26ADD32F70AD}.Release|Any CPU.Build.0 = Release|Any CPU
		{0B5F7DBA-06A4-42E4-9254-8C14EF33AA69}.Debug|Any CPU.ActiveCfg = Debug|Any CPU
		{0B5F7DBA-06A4-42E4-9254-8C14EF33AA69}.Debug|Any CPU.Build.0 = Debug|Any CPU
		{0B5F7DBA-06A4-42E4-9254-8C14EF33AA69}.Release|Any CPU.ActiveCfg = Release|Any CPU
		{0B5F7DBA-06A4-42E4-9254-8C14EF33AA69}.Release|Any CPU.Build.0 = Release|Any CPU
		{EFB195AD-6178-482F-BEEC-B87A63A1D058}.Debug|Any CPU.ActiveCfg = Debug|Any CPU
		{EFB195AD-6178-482F-BEEC-B87A63A1D058}.Debug|Any CPU.Build.0 = Debug|Any CPU
		{EFB195AD-6178-482F-BEEC-B87A63A1D058}.Release|Any CPU.ActiveCfg = Release|Any CPU
		{EFB195AD-6178-482F-BEEC-B87A63A1D058}.Release|Any CPU.Build.0 = Release|Any CPU
		{0E2577FF-049F-4DDB-AF02-90BABBF42E84}.Debug|Any CPU.ActiveCfg = Debug|Any CPU
		{0E2577FF-049F-4DDB-AF02-90BABBF42E84}.Debug|Any CPU.Build.0 = Debug|Any CPU
		{0E2577FF-049F-4DDB-AF02-90BABBF42E84}.Release|Any CPU.ActiveCfg = Release|Any CPU
		{0E2577FF-049F-4DDB-AF02-90BABBF42E84}.Release|Any CPU.Build.0 = Release|Any CPU
	EndGlobalSection
	GlobalSection(SolutionProperties) = preSolution
		HideSolutionNode = FALSE
	EndGlobalSection
	GlobalSection(NestedProjects) = preSolution
		{91884AA6-C721-4F6D-B7A0-04049F203546} = {2E7607C8-D9CD-405C-B847-AC775E5BE04E}
		{4B18DD66-4BE4-419B-95FD-B947B784D7B8} = {2E7607C8-D9CD-405C-B847-AC775E5BE04E}
		{63C00AE8-A981-45ED-9B15-67D5BB6701D3} = {2E7607C8-D9CD-405C-B847-AC775E5BE04E}
		{EF2DC835-1C9B-4B7A-B4F9-E19CBCCDF163} = {2E7607C8-D9CD-405C-B847-AC775E5BE04E}
		{01831C78-8321-4279-AFDE-972ED2FE8FB0} = {91884AA6-C721-4F6D-B7A0-04049F203546}
		{A414F9EB-9A1D-46EC-A6CD-888A24405090} = {01831C78-8321-4279-AFDE-972ED2FE8FB0}
		{64B2AD4B-CF20-4B2A-A399-3138EC4CA71E} = {4B18DD66-4BE4-419B-95FD-B947B784D7B8}
		{C3FA0096-E411-4587-8179-CFF565B12C56} = {64B2AD4B-CF20-4B2A-A399-3138EC4CA71E}
		{563FF855-46E0-4551-BE2C-992683D9D4FF} = {64B2AD4B-CF20-4B2A-A399-3138EC4CA71E}
		{94A91558-A283-461D-9D16-738EFA87F1E5} = {64B2AD4B-CF20-4B2A-A399-3138EC4CA71E}
		{315E0415-E676-40F5-A14E-D5151F270F08} = {64B2AD4B-CF20-4B2A-A399-3138EC4CA71E}
		{A9C62C61-E06D-4A50-9FD6-056A73FDB544} = {EF2DC835-1C9B-4B7A-B4F9-E19CBCCDF163}
		{0285FC75-5679-4967-BF3B-5402E56E6439} = {A9C62C61-E06D-4A50-9FD6-056A73FDB544}
		{FB49E482-1E44-44A0-BEFB-94C99719646B} = {63C00AE8-A981-45ED-9B15-67D5BB6701D3}
		{FE32D875-FBCE-4CAC-B7BD-523AEE5EC31C} = {FB49E482-1E44-44A0-BEFB-94C99719646B}
		{F7622013-9880-49B7-9762-E7BE704EBDE2} = {697B07E2-7176-4141-9E31-5BC171CAA6A8}
		{697B07E2-7176-4141-9E31-5BC171CAA6A8} = {63C00AE8-A981-45ED-9B15-67D5BB6701D3}
		{B273FF73-E7CF-46AC-873A-7519338A84D4} = {63C00AE8-A981-45ED-9B15-67D5BB6701D3}
		{459B2509-504C-41AB-A565-9A1FA7F5E66B} = {B273FF73-E7CF-46AC-873A-7519338A84D4}
		{B6D42ADE-B9B4-423D-B5FF-1E7F79E4AC20} = {63C00AE8-A981-45ED-9B15-67D5BB6701D3}
		{B68F14B6-CC87-4CAE-BB95-D3DBD2FD2E03} = {B6D42ADE-B9B4-423D-B5FF-1E7F79E4AC20}
		{C2E16637-3A79-4F7F-AA14-782A467676E0} = {63C00AE8-A981-45ED-9B15-67D5BB6701D3}
		{71FC8F1D-CD45-4823-8685-75482743A376} = {C2E16637-3A79-4F7F-AA14-782A467676E0}
		{C68A1D1C-2162-4F5D-85B1-26ADD32F70AD} = {C2E16637-3A79-4F7F-AA14-782A467676E0}
		{0B5F7DBA-06A4-42E4-9254-8C14EF33AA69} = {C2E16637-3A79-4F7F-AA14-782A467676E0}
		{EFB195AD-6178-482F-BEEC-B87A63A1D058} = {C2E16637-3A79-4F7F-AA14-782A467676E0}
		{9832240D-88EE-40B2-88C4-45D0C8DB609D} = {63C00AE8-A981-45ED-9B15-67D5BB6701D3}
		{0E2577FF-049F-4DDB-AF02-90BABBF42E84} = {9832240D-88EE-40B2-88C4-45D0C8DB609D}
	EndGlobalSection
	GlobalSection(ExtensibilityGlobals) = postSolution
		SolutionGuid = {4B7A511D-6439-493C-8381-F9CEA59AC35B}
	EndGlobalSection
EndGlobal
